{
  "name": "SchoolApi",
  "lockfileVersion": 3,
  "requires": true,
  "packages": {
    "": {
      "dependencies": {
        "@syncfusion/ej2-react-notifications": "^28.2.3"
      }
    },
    "node_modules/@syncfusion/ej2-base": {
      "version": "28.2.12",
      "resolved": "https://registry.npmjs.org/@syncfusion/ej2-base/-/ej2-base-28.2.12.tgz",
      "integrity": "sha512-7PYRBbWkfhnO1rV4jO+364URC28uX/53fPHOe1dIRmlEMZPb5vy3JIPjgcs4CoJei4QtKeOLzMhWtFS7skxscQ==",
      "license": "SEE LICENSE IN license",
      "dependencies": {
        "@syncfusion/ej2-icons": "~28.2.3"
      },
      "bin": {
        "syncfusion-license": "bin/syncfusion-license.js"
      }
    },
    "node_modules/@syncfusion/ej2-buttons": {
      "version": "28.2.7",
      "resolved": "https://registry.npmjs.org/@syncfusion/ej2-buttons/-/ej2-buttons-28.2.7.tgz",
      "integrity": "sha512-pHWwqvxmc97tNXPaMJpu5iUyZr0RUiIPwbqX9J97lfrt4KqUm6Zzoj9hvMR+ai+gE7cV1KstWrwjUY1H3zYunw==",
      "license": "SEE LICENSE IN license",
      "dependencies": {
        "@syncfusion/ej2-base": "~28.2.5"
      }
    },
    "node_modules/@syncfusion/ej2-icons": {
      "version": "28.2.3",
      "resolved": "https://registry.npmjs.org/@syncfusion/ej2-icons/-/ej2-icons-28.2.3.tgz",
      "integrity": "sha512-lwDMbygU3y15jLkTCtvFb7dwfEtOVknjajYWnp+wmCJF14ZUwDEBuY1jCcpDcEd6mHkDdS5GFlpifdjZhh9jJA==",
      "license": "SEE LICENSE IN license"
    },
    "node_modules/@syncfusion/ej2-notifications": {
      "version": "28.2.3",
      "resolved": "https://registry.npmjs.org/@syncfusion/ej2-notifications/-/ej2-notifications-28.2.3.tgz",
      "integrity": "sha512-Nkw3XuH5qw0QKEq3m0hAraPIVRVEYUDJgjQGEJZrKCtQCST1t8EPUAD+DjT63HVpzwXK0LGAFWkZgXLevf75Bw==",
      "license": "SEE LICENSE IN license",
      "dependencies": {
        "@syncfusion/ej2-base": "~28.2.3",
        "@syncfusion/ej2-buttons": "~28.2.3",
        "@syncfusion/ej2-popups": "~28.2.3"
      }
    },
    "node_modules/@syncfusion/ej2-popups": {
      "version": "28.2.9",
      "resolved": "https://registry.npmjs.org/@syncfusion/ej2-popups/-/ej2-popups-28.2.9.tgz",
      "integrity": "sha512-yhqUlhXOAL4WQHjqAFcqjnCxWsflya0uSfHqxkSXdyoaEvAlc0KsKop5nn7HyB1OqLQbSkBH7pn9yJd6QJYYkw==",
      "license": "SEE LICENSE IN license",
      "dependencies": {
        "@syncfusion/ej2-base": "~28.2.9",
        "@syncfusion/ej2-buttons": "~28.2.7"
      }
    },
    "node_modules/@syncfusion/ej2-react-base": {
      "version": "28.2.7",
      "resolved": "https://registry.npmjs.org/@syncfusion/ej2-react-base/-/ej2-react-base-28.2.7.tgz",
      "integrity": "sha512-SWZ26XO6kF9p2MNpUnj6fUozy4p/XMnQOAdlxCnjxh3JuphCQ/Sd1sUOUHdANuLIy7e3lohOGzdfxq4yYnxgsg==",
      "license": "SEE LICENSE IN license",
      "dependencies": {
        "@syncfusion/ej2-base": "~28.2.5"
      }
    },
    "node_modules/@syncfusion/ej2-react-notifications": {
      "version": "28.2.3",
      "resolved": "https://registry.npmjs.org/@syncfusion/ej2-react-notifications/-/ej2-react-notifications-28.2.3.tgz",
      "integrity": "sha512-ZQK6BA3gdrqj8I0CAgUfJLxBqy1lTraIct9F6kGcpaJNS/4f4NzY85BFloOEDf4iQw7LlGdU48dPWz0ivSy5jA==",
      "license": "SEE LICENSE IN license",
      "dependencies": {
        "@syncfusion/ej2-base": "~28.2.3",
        "@syncfusion/ej2-notifications": "28.2.3",
        "@syncfusion/ej2-react-base": "~28.2.3"
      }
    }
  }
}
